
Microsoft Visual Studio Solution File, Format Version 12.00
# Visual Studio 15
VisualStudioVersion = 15.0.26730.16
MinimumVisualStudioVersion = 10.0.40219.1
Project("{FAE04EC0-301F-11D3-BF4B-00C04F79EFBC}") = "WindowsFormsApp1", "WindowsFormsApp1\WindowsFormsApp1.csproj", "{A596475C-5F65-4634-8EA7-EDB045CA57B5}"
EndProject
Global
	GlobalSection(SolutionConfigurationPlatforms) = preSolution
		Debug|Any CPU = Debug|Any CPU
		Release|Any CPU = Release|Any CPU
	EndGlobalSection
	GlobalSection(ProjectConfigurationPlatforms) = postSolution
		{A596475C-5F65-4634-8EA7-EDB045CA57B5}.Debug|Any CPU.ActiveCfg = Debug|Any CPU
		{A596475C-5F65-4634-8EA7-EDB045CA57B5}.Debug|Any CPU.Build.0 = Debug|Any CPU
		{A596475C-5F65-4634-8EA7-EDB045CA57B5}.Release|Any CPU.ActiveCfg = Release|Any CPU
		{A596475C-5F65-4634-8EA7-EDB045CA57B5}.Release|Any CPU.Build.0 = Release|Any CPU
	EndGlobalSection
	GlobalSection(SolutionProperties) = preSolution
		HideSolutionNode = FALSE
	EndGlobalSection
	GlobalSection(ExtensibilityGlobals) = postSolution
		SolutionGuid = {FE5B6387-F199-4CED-9998-E4AA8FDE4270}
	EndGlobalSection
EndGlobal
